
Microsoft Visual Studio Solution File, Format Version 12.00
# Visual Studio 2013
VisualStudioVersion = 12.0.31101.0
MinimumVisualStudioVersion = 10.0.40219.1
Project("{FAE04EC0-301F-11D3-BF4B-00C04F79EFBC}") = "02_ReverseString", "02_ReverseString\02_ReverseString.csproj", "{FB5E565D-530D-4066-A649-AACD5AB2E8F9}"
EndProject
Project("{FAE04EC0-301F-11D3-BF4B-00C04F79EFBC}") = "03_CorrectBrackets", "03_CorrectBrackets\03_CorrectBrackets.csproj", "{8A496469-C090-4134-8861-901554CA1707}"
EndProject
Project("{FAE04EC0-301F-11D3-BF4B-00C04F79EFBC}") = "04_SubstringInText", "04_SubstringInText\04_SubstringInText.csproj", "{1C616473-53AC-48E2-B26A-A7BFC4FEC39C}"
EndProject
Project("{FAE04EC0-301F-11D3-BF4B-00C04F79EFBC}") = "05_ParseTags", "05_ParseTags\05_ParseTags.csproj", "{BA4B13EE-C0BE-4995-9C27-D817A9292396}"
EndProject
Project("{FAE04EC0-301F-11D3-BF4B-00C04F79EFBC}") = "06_StringLength", "06_StringLength\06_StringLength.csproj", "{DF284C70-B962-4261-A792-77D80677DC08}"
EndProject
Project("{FAE04EC0-301F-11D3-BF4B-00C04F79EFBC}") = "07_EncodeDecode", "07_EncodeDecode\07_EncodeDecode.csproj", "{2FE3A18D-F7F9-48A2-9E70-F6C68F31612E}"
EndProject
Project("{FAE04EC0-301F-11D3-BF4B-00C04F79EFBC}") = "08_ExtractSentences", "08_ExtractSentences\08_ExtractSentences.csproj", "{8009E823-1EFA-44FE-81AA-9C9BBF8F7962}"
EndProject
Project("{FAE04EC0-301F-11D3-BF4B-00C04F79EFBC}") = "09_ForbiddenWords", "09_ForbiddenWords\09_ForbiddenWords.csproj", "{61D8BC7F-6996-46C3-887B-1382F6F09C4D}"
EndProject
Project("{FAE04EC0-301F-11D3-BF4B-00C04F79EFBC}") = "10_UnicodeCharacters", "10_UnicodeCharacters\10_UnicodeCharacters.csproj", "{64B5DD4A-3375-41A7-89A2-AE3A1777C0C8}"
EndProject
Project("{FAE04EC0-301F-11D3-BF4B-00C04F79EFBC}") = "11_FormatNumber", "11_FormatNumber\11_FormatNumber.csproj", "{A374C827-472D-4EC6-BECD-D769A72F44E0}"
EndProject
Project("{FAE04EC0-301F-11D3-BF4B-00C04F79EFBC}") = "12_ParseURL", "12_ParseURL\12_ParseURL.csproj", "{C6A67B2B-7DCE-44AB-8C38-601D6FEA4548}"
EndProject
Project("{FAE04EC0-301F-11D3-BF4B-00C04F79EFBC}") = "13_ReverseSentence", "13_ReverseSentence\13_ReverseSentence.csproj", "{ECDC0D8D-D717-4F39-A667-6CDE03E03B03}"
EndProject
Project("{FAE04EC0-301F-11D3-BF4B-00C04F79EFBC}") = "14_WordDictionary", "14_WordDictionary\14_WordDictionary.csproj", "{A4EC252B-56F3-4DCB-8D2E-65FE006278AC}"
EndProject
Project("{FAE04EC0-301F-11D3-BF4B-00C04F79EFBC}") = "15_ReplaceTags", "15_ReplaceTags\15_ReplaceTags.csproj", "{D5AC3F3F-F965-4D9D-AF5C-D23A6343403A}"
EndProject
Project("{FAE04EC0-301F-11D3-BF4B-00C04F79EFBC}") = "16_DateDifference", "16_DateDifference\16_DateDifference.csproj", "{B59E71F4-1CF9-4535-A632-E3D72CBB7110}"
EndProject
Project("{FAE04EC0-301F-11D3-BF4B-00C04F79EFBC}") = "17_DateInBulgarian", "17_DateInBulgarian\17_DateInBulgarian.csproj", "{440DAAAA-38A5-4D80-8719-7FA500FFFEE3}"
EndProject
Project("{FAE04EC0-301F-11D3-BF4B-00C04F79EFBC}") = "18_ExtractEmails", "18_ExtractEmails\18_ExtractEmails.csproj", "{C679F384-E48A-467B-A557-BF5154739DAE}"
EndProject
Project("{FAE04EC0-301F-11D3-BF4B-00C04F79EFBC}") = "19_DatesFromTextInCanada", "19_DatesFromTextInCanada\19_DatesFromTextInCanada.csproj", "{5C6714E4-3104-42AF-B147-380E71B22095}"
EndProject
Project("{FAE04EC0-301F-11D3-BF4B-00C04F79EFBC}") = "20_Palindromes", "20_Palindromes\20_Palindromes.csproj", "{5BC41FE2-030A-4602-990C-879AE89E4BD2}"
EndProject
Project("{FAE04EC0-301F-11D3-BF4B-00C04F79EFBC}") = "21_LettersCount", "21_LettersCount\21_LettersCount.csproj", "{29953113-CA35-452C-83C6-009C4E2E602C}"
EndProject
Project("{FAE04EC0-301F-11D3-BF4B-00C04F79EFBC}") = "22_WordsCount", "22_WordsCount\22_WordsCount.csproj", "{16FE7F0E-1795-4393-A47C-1EF61FF51230}"
EndProject
Project("{FAE04EC0-301F-11D3-BF4B-00C04F79EFBC}") = "23_SeriesOfLetters", "23_SeriesOfLetters\23_SeriesOfLetters.csproj", "{3C9563F9-F6E0-42C8-9E88-29AE9AD3A1A8}"
EndProject
Project("{FAE04EC0-301F-11D3-BF4B-00C04F79EFBC}") = "24_OrderWords", "24_OrderWords\24_OrderWords.csproj", "{D794EB24-7685-4BF1-98EA-75DC6513097D}"
EndProject
Project("{FAE04EC0-301F-11D3-BF4B-00C04F79EFBC}") = "25_ExtractTextFromHTML", "25_ExtractTextFromHTML\25_ExtractTextFromHTML.csproj", "{E464C2C7-1352-4460-B71C-4F5C66678351}"
EndProject
Global
	GlobalSection(SolutionConfigurationPlatforms) = preSolution
		Debug|Any CPU = Debug|Any CPU
		Release|Any CPU = Release|Any CPU
	EndGlobalSection
	GlobalSection(ProjectConfigurationPlatforms) = postSolution
		{FB5E565D-530D-4066-A649-AACD5AB2E8F9}.Debug|Any CPU.ActiveCfg = Debug|Any CPU
		{FB5E565D-530D-4066-A649-AACD5AB2E8F9}.Debug|Any CPU.Build.0 = Debug|Any CPU
		{FB5E565D-530D-4066-A649-AACD5AB2E8F9}.Release|Any CPU.ActiveCfg = Release|Any CPU
		{FB5E565D-530D-4066-A649-AACD5AB2E8F9}.Release|Any CPU.Build.0 = Release|Any CPU
		{8A496469-C090-4134-8861-901554CA1707}.Debug|Any CPU.ActiveCfg = Debug|Any CPU
		{8A496469-C090-4134-8861-901554CA1707}.Debug|Any CPU.Build.0 = Debug|Any CPU
		{8A496469-C090-4134-8861-901554CA1707}.Release|Any CPU.ActiveCfg = Release|Any CPU
		{8A496469-C090-4134-8861-901554CA1707}.Release|Any CPU.Build.0 = Release|Any CPU
		{1C616473-53AC-48E2-B26A-A7BFC4FEC39C}.Debug|Any CPU.ActiveCfg = Debug|Any CPU
		{1C616473-53AC-48E2-B26A-A7BFC4FEC39C}.Debug|Any CPU.Build.0 = Debug|Any CPU
		{1C616473-53AC-48E2-B26A-A7BFC4FEC39C}.Release|Any CPU.ActiveCfg = Release|Any CPU
		{1C616473-53AC-48E2-B26A-A7BFC4FEC39C}.Release|Any CPU.Build.0 = Release|Any CPU
		{BA4B13EE-C0BE-4995-9C27-D817A9292396}.Debug|Any CPU.ActiveCfg = Debug|Any CPU
		{BA4B13EE-C0BE-4995-9C27-D817A9292396}.Debug|Any CPU.Build.0 = Debug|Any CPU
		{BA4B13EE-C0BE-4995-9C27-D817A9292396}.Release|Any CPU.ActiveCfg = Release|Any CPU
		{BA4B13EE-C0BE-4995-9C27-D817A9292396}.Release|Any CPU.Build.0 = Release|Any CPU
		{DF284C70-B962-4261-A792-77D80677DC08}.Debug|Any CPU.ActiveCfg = Debug|Any CPU
		{DF284C70-B962-4261-A792-77D80677DC08}.Debug|Any CPU.Build.0 = Debug|Any CPU
		{DF284C70-B962-4261-A792-77D80677DC08}.Release|Any CPU.ActiveCfg = Release|Any CPU
		{DF284C70-B962-4261-A792-77D80677DC08}.Release|Any CPU.Build.0 = Release|Any CPU
		{2FE3A18D-F7F9-48A2-9E70-F6C68F31612E}.Debug|Any CPU.ActiveCfg = Debug|Any CPU
		{2FE3A18D-F7F9-48A2-9E70-F6C68F31612E}.Debug|Any CPU.Build.0 = Debug|Any CPU
		{2FE3A18D-F7F9-48A2-9E70-F6C68F31612E}.Release|Any CPU.ActiveCfg = Release|Any CPU
		{2FE3A18D-F7F9-48A2-9E70-F6C68F31612E}.Release|Any CPU.Build.0 = Release|Any CPU
		{8009E823-1EFA-44FE-81AA-9C9BBF8F7962}.Debug|Any CPU.ActiveCfg = Debug|Any CPU
		{8009E823-1EFA-44FE-81AA-9C9BBF8F7962}.Debug|Any CPU.Build.0 = Debug|Any CPU
		{8009E823-1EFA-44FE-81AA-9C9BBF8F7962}.Release|Any CPU.ActiveCfg = Release|Any CPU
		{8009E823-1EFA-44FE-81AA-9C9BBF8F7962}.Release|Any CPU.Build.0 = Release|Any CPU
		{61D8BC7F-6996-46C3-887B-1382F6F09C4D}.Debug|Any CPU.ActiveCfg = Debug|Any CPU
		{61D8BC7F-6996-46C3-887B-1382F6F09C4D}.Debug|Any CPU.Build.0 = Debug|Any CPU
		{61D8BC7F-6996-46C3-887B-1382F6F09C4D}.Release|Any CPU.ActiveCfg = Release|Any CPU
		{61D8BC7F-6996-46C3-887B-1382F6F09C4D}.Release|Any CPU.Build.0 = Release|Any CPU
		{64B5DD4A-3375-41A7-89A2-AE3A1777C0C8}.Debug|Any CPU.ActiveCfg = Debug|Any CPU
		{64B5DD4A-3375-41A7-89A2-AE3A1777C0C8}.Debug|Any CPU.Build.0 = Debug|Any CPU
		{64B5DD4A-3375-41A7-89A2-AE3A1777C0C8}.Release|Any CPU.ActiveCfg = Release|Any CPU
		{64B5DD4A-3375-41A7-89A2-AE3A1777C0C8}.Release|Any CPU.Build.0 = Release|Any CPU
		{A374C827-472D-4EC6-BECD-D769A72F44E0}.Debug|Any CPU.ActiveCfg = Debug|Any CPU
		{A374C827-472D-4EC6-BECD-D769A72F44E0}.Debug|Any CPU.Build.0 = Debug|Any CPU
		{A374C827-472D-4EC6-BECD-D769A72F44E0}.Release|Any CPU.ActiveCfg = Release|Any CPU
		{A374C827-472D-4EC6-BECD-D769A72F44E0}.Release|Any CPU.Build.0 = Release|Any CPU
		{C6A67B2B-7DCE-44AB-8C38-601D6FEA4548}.Debug|Any CPU.ActiveCfg = Debug|Any CPU
		{C6A67B2B-7DCE-44AB-8C38-601D6FEA4548}.Debug|Any CPU.Build.0 = Debug|Any CPU
		{C6A67B2B-7DCE-44AB-8C38-601D6FEA4548}.Release|Any CPU.ActiveCfg = Release|Any CPU
		{C6A67B2B-7DCE-44AB-8C38-601D6FEA4548}.Release|Any CPU.Build.0 = Release|Any CPU
		{ECDC0D8D-D717-4F39-A667-6CDE03E03B03}.Debug|Any CPU.ActiveCfg = Debug|Any CPU
		{ECDC0D8D-D717-4F39-A667-6CDE03E03B03}.Debug|Any CPU.Build.0 = Debug|Any CPU
		{ECDC0D8D-D717-4F39-A667-6CDE03E03B03}.Release|Any CPU.ActiveCfg = Release|Any CPU
		{ECDC0D8D-D717-4F39-A667-6CDE03E03B03}.Release|Any CPU.Build.0 = Release|Any CPU
		{A4EC252B-56F3-4DCB-8D2E-65FE006278AC}.Debug|Any CPU.ActiveCfg = Debug|Any CPU
		{A4EC252B-56F3-4DCB-8D2E-65FE006278AC}.Debug|Any CPU.Build.0 = Debug|Any CPU
		{A4EC252B-56F3-4DCB-8D2E-65FE006278AC}.Release|Any CPU.ActiveCfg = Release|Any CPU
		{A4EC252B-56F3-4DCB-8D2E-65FE006278AC}.Release|Any CPU.Build.0 = Release|Any CPU
		{D5AC3F3F-F965-4D9D-AF5C-D23A6343403A}.Debug|Any CPU.ActiveCfg = Debug|Any CPU
		{D5AC3F3F-F965-4D9D-AF5C-D23A6343403A}.Debug|Any CPU.Build.0 = Debug|Any CPU
		{D5AC3F3F-F965-4D9D-AF5C-D23A6343403A}.Release|Any CPU.ActiveCfg = Release|Any CPU
		{D5AC3F3F-F965-4D9D-AF5C-D23A6343403A}.Release|Any CPU.Build.0 = Release|Any CPU
		{B59E71F4-1CF9-4535-A632-E3D72CBB7110}.Debug|Any CPU.ActiveCfg = Debug|Any CPU
		{B59E71F4-1CF9-4535-A632-E3D72CBB7110}.Debug|Any CPU.Build.0 = Debug|Any CPU
		{B59E71F4-1CF9-4535-A632-E3D72CBB7110}.Release|Any CPU.ActiveCfg = Release|Any CPU
		{B59E71F4-1CF9-4535-A632-E3D72CBB7110}.Release|Any CPU.Build.0 = Release|Any CPU
		{440DAAAA-38A5-4D80-8719-7FA500FFFEE3}.Debug|Any CPU.ActiveCfg = Debug|Any CPU
		{440DAAAA-38A5-4D80-8719-7FA500FFFEE3}.Debug|Any CPU.Build.0 = Debug|Any CPU
		{440DAAAA-38A5-4D80-8719-7FA500FFFEE3}.Release|Any CPU.ActiveCfg = Release|Any CPU
		{440DAAAA-38A5-4D80-8719-7FA500FFFEE3}.Release|Any CPU.Build.0 = Release|Any CPU
		{C679F384-E48A-467B-A557-BF5154739DAE}.Debug|Any CPU.ActiveCfg = Debug|Any CPU
		{C679F384-E48A-467B-A557-BF5154739DAE}.Debug|Any CPU.Build.0 = Debug|Any CPU
		{C679F384-E48A-467B-A557-BF5154739DAE}.Release|Any CPU.ActiveCfg = Release|Any CPU
		{C679F384-E48A-467B-A557-BF5154739DAE}.Release|Any CPU.Build.0 = Release|Any CPU
		{5C6714E4-3104-42AF-B147-380E71B22095}.Debug|Any CPU.ActiveCfg = Debug|Any CPU
		{5C6714E4-3104-42AF-B147-380E71B22095}.Debug|Any CPU.Build.0 = Debug|Any CPU
		{5C6714E4-3104-42AF-B147-380E71B22095}.Release|Any CPU.ActiveCfg = Release|Any CPU
		{5C6714E4-3104-42AF-B147-380E71B22095}.Release|Any CPU.Build.0 = Release|Any CPU
		{5BC41FE2-030A-4602-990C-879AE89E4BD2}.Debug|Any CPU.ActiveCfg = Debug|Any CPU
		{5BC41FE2-030A-4602-990C-879AE89E4BD2}.Debug|Any CPU.Build.0 = Debug|Any CPU
		{5BC41FE2-030A-4602-990C-879AE89E4BD2}.Release|Any CPU.ActiveCfg = Release|Any CPU
		{5BC41FE2-030A-4602-990C-879AE89E4BD2}.Release|Any CPU.Build.0 = Release|Any CPU
		{29953113-CA35-452C-83C6-009C4E2E602C}.Debug|Any CPU.ActiveCfg = Debug|Any CPU
		{29953113-CA35-452C-83C6-009C4E2E602C}.Debug|Any CPU.Build.0 = Debug|Any CPU
		{29953113-CA35-452C-83C6-009C4E2E602C}.Release|Any CPU.ActiveCfg = Release|Any CPU
		{29953113-CA35-452C-83C6-009C4E2E602C}.Release|Any CPU.Build.0 = Release|Any CPU
		{16FE7F0E-1795-4393-A47C-1EF61FF51230}.Debug|Any CPU.ActiveCfg = Debug|Any CPU
		{16FE7F0E-1795-4393-A47C-1EF61FF51230}.Debug|Any CPU.Build.0 = Debug|Any CPU
		{16FE7F0E-1795-4393-A47C-1EF61FF51230}.Release|Any CPU.ActiveCfg = Release|Any CPU
		{16FE7F0E-1795-4393-A47C-1EF61FF51230}.Release|Any CPU.Build.0 = Release|Any CPU
		{3C9563F9-F6E0-42C8-9E88-29AE9AD3A1A8}.Debug|Any CPU.ActiveCfg = Debug|Any CPU
		{3C9563F9-F6E0-42C8-9E88-29AE9AD3A1A8}.Debug|Any CPU.Build.0 = Debug|Any CPU
		{3C9563F9-F6E0-42C8-9E88-29AE9AD3A1A8}.Release|Any CPU.ActiveCfg = Release|Any CPU
		{3C9563F9-F6E0-42C8-9E88-29AE9AD3A1A8}.Release|Any CPU.Build.0 = Release|Any CPU
		{D794EB24-7685-4BF1-98EA-75DC6513097D}.Debug|Any CPU.ActiveCfg = Debug|Any CPU
		{D794EB24-7685-4BF1-98EA-75DC6513097D}.Debug|Any CPU.Build.0 = Debug|Any CPU
		{D794EB24-7685-4BF1-98EA-75DC6513097D}.Release|Any CPU.ActiveCfg = Release|Any CPU
		{D794EB24-7685-4BF1-98EA-75DC6513097D}.Release|Any CPU.Build.0 = Release|Any CPU
		{E464C2C7-1352-4460-B71C-4F5C66678351}.Debug|Any CPU.ActiveCfg = Debug|Any CPU
		{E464C2C7-1352-4460-B71C-4F5C66678351}.Debug|Any CPU.Build.0 = Debug|Any CPU
		{E464C2C7-1352-4460-B71C-4F5C66678351}.Release|Any CPU.ActiveCfg = Release|Any CPU
		{E464C2C7-1352-4460-B71C-4F5C66678351}.Release|Any CPU.Build.0 = Release|Any CPU
	EndGlobalSection
	GlobalSection(SolutionProperties) = preSolution
		HideSolutionNode = FALSE
	EndGlobalSection
EndGlobal
